// !$*UTF8*$!
{
	archiveVersion = 1;
	classes = {
	};
	objectVersion = 50;
	objects = {

/* Begin PBXBuildFile section */
		8B14E8C024001A390070F59A /* AppDelegate.swift in Sources */ = {isa = PBXBuildFile; fileRef = 8B14E8BF24001A390070F59A /* AppDelegate.swift */; };
		8B14E8C224001A390070F59A /* ViewController.swift in Sources */ = {isa = PBXBuildFile; fileRef = 8B14E8C124001A390070F59A /* ViewController.swift */; };
		8B14E8C424001A3B0070F59A /* Assets.xcassets in Resources */ = {isa = PBXBuildFile; fileRef = 8B14E8C324001A3B0070F59A /* Assets.xcassets */; };
		8B14E8C724001A3B0070F59A /* Main.storyboard in Resources */ = {isa = PBXBuildFile; fileRef = 8B14E8C524001A3B0070F59A /* Main.storyboard */; };
		8B14E8D924001A6B0070F59A /* NSEventModifierFlags+HotKey.swift in Sources */ = {isa = PBXBuildFile; fileRef = 8B14E8D024001A6B0070F59A /* NSEventModifierFlags+HotKey.swift */; };
		8B14E8DA24001A6B0070F59A /* KeyCombo.swift in Sources */ = {isa = PBXBuildFile; fileRef = 8B14E8D124001A6B0070F59A /* KeyCombo.swift */; };
		8B14E8DB24001A6B0070F59A /* Key.swift in Sources */ = {isa = PBXBuildFile; fileRef = 8B14E8D224001A6B0070F59A /* Key.swift */; };
		8B14E8DC24001A6B0070F59A /* HotKeysController.swift in Sources */ = {isa = PBXBuildFile; fileRef = 8B14E8D324001A6B0070F59A /* HotKeysController.swift */; };
		8B14E8DD24001A6B0070F59A /* KeyCombo+System.swift in Sources */ = {isa = PBXBuildFile; fileRef = 8B14E8D424001A6B0070F59A /* KeyCombo+System.swift */; };
		8B14E8DE24001A6B0070F59A /* HotKey.swift in Sources */ = {isa = PBXBuildFile; fileRef = 8B14E8D524001A6B0070F59A /* HotKey.swift */; };
		8B14E8DF24001A6B0070F59A /* ViewController.swift in Sources */ = {isa = PBXBuildFile; fileRef = 8B14E8D624001A6B0070F59A /* ViewController.swift */; };
		8B14E8E024001A6B0070F59A /* MainPanel.swift in Sources */ = {isa = PBXBuildFile; fileRef = 8B14E8D724001A6B0070F59A /* MainPanel.swift */; };
		8B14E8E124001A6B0070F59A /* SearchBarView.swift in Sources */ = {isa = PBXBuildFile; fileRef = 8B14E8D824001A6B0070F59A /* SearchBarView.swift */; };
		8B14E8E324001AF60070F59A /* Constants.swift in Sources */ = {isa = PBXBuildFile; fileRef = 8B14E8E224001AF60070F59A /* Constants.swift */; };
/* End PBXBuildFile section */

/* Begin PBXFileReference section */
		8B14E8BC24001A390070F59A /* NonActivatingPanelIssue.app */ = {isa = PBXFileReference; explicitFileType = wrapper.application; includeInIndex = 0; path = NonActivatingPanelIssue.app; sourceTree = BUILT_PRODUCTS_DIR; };
		8B14E8BF24001A390070F59A /* AppDelegate.swift */ = {isa = PBXFileReference; lastKnownFileType = sourcecode.swift; path = AppDelegate.swift; sourceTree = "<group>"; };
		8B14E8C124001A390070F59A /* ViewController.swift */ = {isa = PBXFileReference; lastKnownFileType = sourcecode.swift; path = ViewController.swift; sourceTree = "<group>"; };
		8B14E8C324001A3B0070F59A /* Assets.xcassets */ = {isa = PBXFileReference; lastKnownFileType = folder.assetcatalog; path = Assets.xcassets; sourceTree = "<group>"; };
		8B14E8C624001A3B0070F59A /* Base */ = {isa = PBXFileReference; lastKnownFileType = file.storyboard; name = Base; path = Base.lproj/Main.storyboard; sourceTree = "<group>"; };
		8B14E8C824001A3B0070F59A /* Info.plist */ = {isa = PBXFileReference; lastKnownFileType = text.plist.xml; path = Info.plist; sourceTree = "<group>"; };
		8B14E8C924001A3B0070F59A /* NonActivatingPanelIssue.entitlements */ = {isa = PBXFileReference; lastKnownFileType = text.plist.entitlements; path = NonActivatingPanelIssue.entitlements; sourceTree = "<group>"; };
		8B14E8D024001A6B0070F59A /* NSEventModifierFlags+HotKey.swift */ = {isa = PBXFileReference; fileEncoding = 4; lastKnownFileType = sourcecode.swift; path = "NSEventModifierFlags+HotKey.swift"; sourceTree = "<group>"; };
		8B14E8D124001A6B0070F59A /* KeyCombo.swift */ = {isa = PBXFileReference; fileEncoding = 4; lastKnownFileType = sourcecode.swift; path = KeyCombo.swift; sourceTree = "<group>"; };
		8B14E8D224001A6B0070F59A /* Key.swift */ = {isa = PBXFileReference; fileEncoding = 4; lastKnownFileType = sourcecode.swift; path = Key.swift; sourceTree = "<group>"; };
		8B14E8D324001A6B0070F59A /* HotKeysController.swift */ = {isa = PBXFileReference; fileEncoding = 4; lastKnownFileType = sourcecode.swift; path = HotKeysController.swift; sourceTree = "<group>"; };
		8B14E8D424001A6B0070F59A /* KeyCombo+System.swift */ = {isa = PBXFileReference; fileEncoding = 4; lastKnownFileType = sourcecode.swift; path = "KeyCombo+System.swift"; sourceTree = "<group>"; };
		8B14E8D524001A6B0070F59A /* HotKey.swift */ = {isa = PBXFileReference; fileEncoding = 4; lastKnownFileType = sourcecode.swift; path = HotKey.swift; sourceTree = "<group>"; };
		8B14E8D624001A6B0070F59A /* ViewController.swift */ = {isa = PBXFileReference; fileEncoding = 4; lastKnownFileType = sourcecode.swift; path = ViewController.swift; sourceTree = "<group>"; };
		8B14E8D724001A6B0070F59A /* MainPanel.swift */ = {isa = PBXFileReference; fileEncoding = 4; lastKnownFileType = sourcecode.swift; path = MainPanel.swift; sourceTree = "<group>"; };
		8B14E8D824001A6B0070F59A /* SearchBarView.swift */ = {isa = PBXFileReference; fileEncoding = 4; lastKnownFileType = sourcecode.swift; path = SearchBarView.swift; sourceTree = "<group>"; };
		8B14E8E224001AF60070F59A /* Constants.swift */ = {isa = PBXFileReference; fileEncoding = 4; lastKnownFileType = sourcecode.swift; path = Constants.swift; sourceTree = "<group>"; };
/* End PBXFileReference section */

/* Begin PBXFrameworksBuildPhase section */
		8B14E8B924001A390070F59A /* Frameworks */ = {
			isa = PBXFrameworksBuildPhase;
			buildActionMask = 2147483647;
			files = (
			);
			runOnlyForDeploymentPostprocessing = 0;
		};
/* End PBXFrameworksBuildPhase section */

/* Begin PBXGroup section */
		8B14E8B324001A390070F59A = {
			isa = PBXGroup;
			children = (
				8B14E8BE24001A390070F59A /* NonActivatingPanelIssue */,
				8B14E8BD24001A390070F59A /* Products */,
			);
			sourceTree = "<group>";
		};
		8B14E8BD24001A390070F59A /* Products */ = {
			isa = PBXGroup;
			children = (
				8B14E8BC24001A390070F59A /* NonActivatingPanelIssue.app */,
			);
			name = Products;
			sourceTree = "<group>";
		};
		8B14E8BE24001A390070F59A /* NonActivatingPanelIssue */ = {
			isa = PBXGroup;
			children = (
				8B14E8CF24001A6B0070F59A /* HotKey */,
				8B14E8D724001A6B0070F59A /* MainPanel.swift */,
				8B14E8E224001AF60070F59A /* Constants.swift */,
				8B14E8D824001A6B0070F59A /* SearchBarView.swift */,
				8B14E8D624001A6B0070F59A /* ViewController.swift */,
				8B14E8BF24001A390070F59A /* AppDelegate.swift */,
				8B14E8C124001A390070F59A /* ViewController.swift */,
				8B14E8C324001A3B0070F59A /* Assets.xcassets */,
				8B14E8C524001A3B0070F59A /* Main.storyboard */,
				8B14E8C824001A3B0070F59A /* Info.plist */,
				8B14E8C924001A3B0070F59A /* NonActivatingPanelIssue.entitlements */,
			);
			path = NonActivatingPanelIssue;
			sourceTree = "<group>";
		};
		8B14E8CF24001A6B0070F59A /* HotKey */ = {
			isa = PBXGroup;
			children = (
				8B14E8D024001A6B0070F59A /* NSEventModifierFlags+HotKey.swift */,
				8B14E8D124001A6B0070F59A /* KeyCombo.swift */,
				8B14E8D224001A6B0070F59A /* Key.swift */,
				8B14E8D324001A6B0070F59A /* HotKeysController.swift */,
				8B14E8D424001A6B0070F59A /* KeyCombo+System.swift */,
				8B14E8D524001A6B0070F59A /* HotKey.swift */,
			);
			path = HotKey;
			sourceTree = "<group>";
		};
/* End PBXGroup section */

/* Begin PBXNativeTarget section */
		8B14E8BB24001A390070F59A /* NonActivatingPanelIssue */ = {
			isa = PBXNativeTarget;
			buildConfigurationList = 8B14E8CC24001A3B0070F59A /* Build configuration list for PBXNativeTarget "NonActivatingPanelIssue" */;
			buildPhases = (
				8B14E8B824001A390070F59A /* Sources */,
				8B14E8B924001A390070F59A /* Frameworks */,
				8B14E8BA24001A390070F59A /* Resources */,
			);
			buildRules = (
			);
			dependencies = (
			);
			name = NonActivatingPanelIssue;
			productName = NonActivatingPanelIssue;
			productReference = 8B14E8BC24001A390070F59A /* NonActivatingPanelIssue.app */;
			productType = "com.apple.product-type.application";
		};
/* End PBXNativeTarget section */

/* Begin PBXProject section */
		8B14E8B424001A390070F59A /* Project object */ = {
			isa = PBXProject;
			attributes = {
				LastSwiftUpdateCheck = 1130;
				LastUpgradeCheck = 1130;
				TargetAttributes = {
					8B14E8BB24001A390070F59A = {
						CreatedOnToolsVersion = 11.3.1;
					};
				};
			};
			buildConfigurationList = 8B14E8B724001A390070F59A /* Build configuration list for PBXProject "NonActivatingPanelIssue" */;
			compatibilityVersion = "Xcode 9.3";
			developmentRegion = en;
			hasScannedForEncodings = 0;
			knownRegions = (
				en,
				Base,
			);
			mainGroup = 8B14E8B324001A390070F59A;
			productRefGroup = 8B14E8BD24001A390070F59A /* Products */;
			projectDirPath = "";
			projectRoot = "";
			targets = (
				8B14E8BB24001A390070F59A /* NonActivatingPanelIssue */,
			);
		};
/* End PBXProject section */

/* Begin PBXResourcesBuildPhase section */
		8B14E8BA24001A390070F59A /* Resources */ = {
			isa = PBXResourcesBuildPhase;
			buildActionMask = 2147483647;
			files = (
				8B14E8C424001A3B0070F59A /* Assets.xcassets in Resources */,
				8B14E8C724001A3B0070F59A /* Main.storyboard in Resources */,
			);
			runOnlyForDeploymentPostprocessing = 0;
		};
/* End PBXResourcesBuildPhase section */

/* Begin PBXSourcesBuildPhase section */
		8B14E8B824001A390070F59A /* Sources */ = {
			isa = PBXSourcesBuildPhase;
			buildActionMask = 2147483647;
			files = (
				8B14E8C224001A390070F59A /* ViewController.swift in Sources */,
				8B14E8DB24001A6B0070F59A /* Key.swift in Sources */,
				8B14E8C024001A390070F59A /* AppDelegate.swift in Sources */,
				8B14E8E024001A6B0070F59A /* MainPanel.swift in Sources */,
				8B14E8DF24001A6B0070F59A /* ViewController.swift in Sources */,
				8B14E8DE24001A6B0070F59A /* HotKey.swift in Sources */,
				8B14E8DD24001A6B0070F59A /* KeyCombo+System.swift in Sources */,
				8B14E8E124001A6B0070F59A /* SearchBarView.swift in Sources */,
				8B14E8DC24001A6B0070F59A /* HotKeysController.swift in Sources */,
				8B14E8DA24001A6B0070F59A /* KeyCombo.swift in Sources */,
				8B14E8D924001A6B0070F59A /* NSEventModifierFlags+HotKey.swift in Sources */,
				8B14E8E324001AF60070F59A /* Constants.swift in Sources */,
			);
			runOnlyForDeploymentPostprocessing = 0;
		};
/* End PBXSourcesBuildPhase section */

/* Begin PBXVariantGroup section */
		8B14E8C524001A3B0070F59A /* Main.storyboard */ = {
			isa = PBXVariantGroup;
			children = (
				8B14E8C624001A3B0070F59A /* Base */,
			);
			name = Main.storyboard;
			sourceTree = "<group>";
		};
/* End PBXVariantGroup section */

/* Begin XCBuildConfiguration section */
		8B14E8CA24001A3B0070F59A /* Debug */ = {
			isa = XCBuildConfiguration;
			buildSettings = {
				ALWAYS_SEARCH_USER_PATHS = NO;
				CLANG_ANALYZER_NONNULL = YES;
				CLANG_ANALYZER_NUMBER_OBJECT_CONVERSION = YES_AGGRESSIVE;
				CLANG_CXX_LANGUAGE_STANDARD = "gnu++14";
				CLANG_CXX_LIBRARY = "libc++";
				CLANG_ENABLE_MODULES = YES;
				CLANG_ENABLE_OBJC_ARC = YES;
				CLANG_ENABLE_OBJC_WEAK = YES;
				CLANG_WARN_BLOCK_CAPTURE_AUTORELEASING = YES;
				CLANG_WARN_BOOL_CONVERSION = YES;
				CLANG_WARN_COMMA = YES;
				CLANG_WARN_CONSTANT_CONVERSION = YES;
				CLANG_WARN_DEPRECATED_OBJC_IMPLEMENTATIONS = YES;
				CLANG_WARN_DIRECT_OBJC_ISA_USAGE = YES_ERROR;
				CLANG_WARN_DOCUMENTATION_COMMENTS = YES;
				CLANG_WARN_EMPTY_BODY = YES;
				CLANG_WARN_ENUM_CONVERSION = YES;
				CLANG_WARN_INFINITE_RECURSION = YES;
				CLANG_WARN_INT_CONVERSION = YES;
				CLANG_WARN_NON_LITERAL_NULL_CONVERSION = YES;
				CLANG_WARN_OBJC_IMPLICIT_RETAIN_SELF = YES;
				CLANG_WARN_OBJC_LITERAL_CONVERSION = YES;
				CLANG_WARN_OBJC_ROOT_CLASS = YES_ERROR;
				CLANG_WARN_RANGE_LOOP_ANALYSIS = YES;
				CLANG_WARN_STRICT_PROTOTYPES = YES;
				CLANG_WARN_SUSPICIOUS_MOVE = YES;
				CLANG_WARN_UNGUARDED_AVAILABILITY = YES_AGGRESSIVE;
				CLANG_WARN_UNREACHABLE_CODE = YES;
				CLANG_WARN__DUPLICATE_METHOD_MATCH = YES;
				COPY_PHASE_STRIP = NO;
				DEBUG_INFORMATION_FORMAT = dwarf;
				ENABLE_STRICT_OBJC_MSGSEND = YES;
				ENABLE_TESTABILITY = YES;
				GCC_C_LANGUAGE_STANDARD = gnu11;
				GCC_DYNAMIC_NO_PIC = NO;
				GCC_NO_COMMON_BLOCKS = YES;
				GCC_OPTIMIZATION_LEVEL = 0;
				GCC_PREPROCESSOR_DEFINITIONS = (
					"DEBUG=1",
					"$(inherited)",
				);
				GCC_WARN_64_TO_32_BIT_CONVERSION = YES;
				GCC_WARN_ABOUT_RETURN_TYPE = YES_ERROR;
				GCC_WARN_UNDECLARED_SELECTOR = YES;
				GCC_WARN_UNINITIALIZED_AUTOS = YES_AGGRESSIVE;
				GCC_WARN_UNUSED_FUNCTION = YES;
				GCC_WARN_UNUSED_VARIABLE = YES;
				MACOSX_DEPLOYMENT_TARGET = 10.15;
				MTL_ENABLE_DEBUG_INFO = INCLUDE_SOURCE;
				MTL_FAST_MATH = YES;
				ONLY_ACTIVE_ARCH = YES;
				SDKROOT = macosx;
				SWIFT_ACTIVE_COMPILATION_CONDITIONS = DEBUG;
				SWIFT_OPTIMIZATION_LEVEL = "-Onone";
			};
			name = Debug;
		};
		8B14E8CB24001A3B0070F59A /* Release */ = {
			isa = XCBuildConfiguration;
			buildSettings = {
				ALWAYS_SEARCH_USER_PATHS = NO;
				CLANG_ANALYZER_NONNULL = YES;
				CLANG_ANALYZER_NUMBER_OBJECT_CONVERSION = YES_AGGRESSIVE;
				CLANG_CXX_LANGUAGE_STANDARD = "gnu++14";
				CLANG_CXX_LIBRARY = "libc++";
				CLANG_ENABLE_MODULES = YES;
				CLANG_ENABLE_OBJC_ARC = YES;
				CLANG_ENABLE_OBJC_WEAK = YES;
				CLANG_WARN_BLOCK_CAPTURE_AUTORELEASING = YES;
				CLANG_WARN_BOOL_CONVERSION = YES;
				CLANG_WARN_COMMA = YES;
				CLANG_WARN_CONSTANT_CONVERSION = YES;
				CLANG_WARN_DEPRECATED_OBJC_IMPLEMENTATIONS = YES;
				CLANG_WARN_DIRECT_OBJC_ISA_USAGE = YES_ERROR;
				CLANG_WARN_DOCUMENTATION_COMMENTS = YES;
				CLANG_WARN_EMPTY_BODY = YES;
				CLANG_WARN_ENUM_CONVERSION = YES;
				CLANG_WARN_INFINITE_RECURSION = YES;
				CLANG_WARN_INT_CONVERSION = YES;
				CLANG_WARN_NON_LITERAL_NULL_CONVERSION = YES;
				CLANG_WARN_OBJC_IMPLICIT_RETAIN_SELF = YES;
				CLANG_WARN_OBJC_LITERAL_CONVERSION = YES;
				CLANG_WARN_OBJC_ROOT_CLASS = YES_ERROR;
				CLANG_WARN_RANGE_LOOP_ANALYSIS = YES;
				CLANG_WARN_STRICT_PROTOTYPES = YES;
				CLANG_WARN_SUSPICIOUS_MOVE = YES;
				CLANG_WARN_UNGUARDED_AVAILABILITY = YES_AGGRESSIVE;
				CLANG_WARN_UNREACHABLE_CODE = YES;
				CLANG_WARN__DUPLICATE_METHOD_MATCH = YES;
				COPY_PHASE_STRIP = NO;
				DEBUG_INFORMATION_FORMAT = "dwarf-with-dsym";
				ENABLE_NS_ASSERTIONS = NO;
				ENABLE_STRICT_OBJC_MSGSEND = YES;
				GCC_C_LANGUAGE_STANDARD = gnu11;
				GCC_NO_COMMON_BLOCKS = YES;
				GCC_WARN_64_TO_32_BIT_CONVERSION = YES;
				GCC_WARN_ABOUT_RETURN_TYPE = YES_ERROR;
				GCC_WARN_UNDECLARED_SELECTOR = YES;
				GCC_WARN_UNINITIALIZED_AUTOS = YES_AGGRESSIVE;
				GCC_WARN_UNUSED_FUNCTION = YES;
				GCC_WARN_UNUSED_VARIABLE = YES;
				MACOSX_DEPLOYMENT_TARGET = 10.15;
				MTL_ENABLE_DEBUG_INFO = NO;
				MTL_FAST_MATH = YES;
				SDKROOT = macosx;
				SWIFT_COMPILATION_MODE = wholemodule;
				SWIFT_OPTIMIZATION_LEVEL = "-O";
			};
			name = Release;
		};
		8B14E8CD24001A3B0070F59A /* Debug */ = {
			isa = XCBuildConfiguration;
			buildSettings = {
				ASSETCATALOG_COMPILER_APPICON_NAME = AppIcon;
				CODE_SIGN_ENTITLEMENTS = NonActivatingPanelIssue/NonActivatingPanelIssue.entitlements;
				CODE_SIGN_STYLE = Automatic;
				COMBINE_HIDPI_IMAGES = YES;
				INFOPLIST_FILE = NonActivatingPanelIssue/Info.plist;
				LD_RUNPATH_SEARCH_PATHS = (
					"$(inherited)",
					"@executable_path/../Frameworks",
				);
				PRODUCT_BUNDLE_IDENTIFIER = com.pitnikola.NonActivatingPanelIssue;
				PRODUCT_NAME = "$(TARGET_NAME)";
				SWIFT_VERSION = 5.0;
			};
			name = Debug;
		};
		8B14E8CE24001A3B0070F59A /* Release */ = {
			isa = XCBuildConfiguration;
			buildSettings = {
				ASSETCATALOG_COMPILER_APPICON_NAME = AppIcon;
				CODE_SIGN_ENTITLEMENTS = NonActivatingPanelIssue/NonActivatingPanelIssue.entitlements;
				CODE_SIGN_STYLE = Automatic;
				COMBINE_HIDPI_IMAGES = YES;
				INFOPLIST_FILE = NonActivatingPanelIssue/Info.plist;
				LD_RUNPATH_SEARCH_PATHS = (
					"$(inherited)",
					"@executable_path/../Frameworks",
				);
				PRODUCT_BUNDLE_IDENTIFIER = com.pitnikola.NonActivatingPanelIssue;
				PRODUCT_NAME = "$(TARGET_NAME)";
				SWIFT_VERSION = 5.0;
			};
			name = Release;
		};
/* End XCBuildConfiguration section */

/* Begin XCConfigurationList section */
		8B14E8B724001A390070F59A /* Build configuration list for PBXProject "NonActivatingPanelIssue" */ = {
			isa = XCConfigurationList;
			buildConfigurations = (
				8B14E8CA24001A3B0070F59A /* Debug */,
				8B14E8CB24001A3B0070F59A /* Release */,
			);
			defaultConfigurationIsVisible = 0;
			defaultConfigurationName = Release;
		};
		8B14E8CC24001A3B0070F59A /* Build configuration list for PBXNativeTarget "NonActivatingPanelIssue" */ = {
			isa = XCConfigurationList;
			buildConfigurations = (
				8B14E8CD24001A3B0070F59A /* Debug */,
				8B14E8CE24001A3B0070F59A /* Release */,
			);
			defaultConfigurationIsVisible = 0;
			defaultConfigurationName = Release;
		};
/* End XCConfigurationList section */
	};
	rootObject = 8B14E8B424001A390070F59A /* Project object */;
}
